
Microsoft Visual Studio Solution File, Format Version 12.00
Project("{FAE04EC0-301F-11D3-BF4B-00C04F79EFBC}") = "OAuth.Domain", "src\OAuth.Domain\OAuth.Domain.csproj", "{B1C2D3E4-0001-0001-0001-000000000001}"
EndProject
Project("{FAE04EC0-301F-11D3-BF4B-00C04F79EFBC}") = "OAuth.Application", "src\OAuth.Application\OAuth.Application.csproj", "{B1C2D3E4-0002-0002-0002-000000000002}"
EndProject
Project("{FAE04EC0-301F-11D3-BF4B-00C04F79EFBC}") = "OAuth.Infrastructure", "src\OAuth.Infrastructure\OAuth.Infrastructure.csproj", "{B1C2D3E4-0003-0003-0003-000000000003}"
EndProject
Project("{FAE04EC0-301F-11D3-BF4B-00C04F79EFBC}") = "OAuth.API", "src\OAuth.API\OAuth.API.csproj", "{B1C2D3E4-0004-0004-0004-000000000004}"
EndProject
Global
  GlobalSection(SolutionConfigurationPlatforms) = preSolution
    Debug|Any CPU = Debug|Any CPU
    Release|Any CPU = Release|Any CPU
  EndGlobalSection
  GlobalSection(ProjectConfigurationPlatforms) = postSolution
    {B1C2D3E4-0001-0001-0001-000000000001}.Debug|Any CPU.ActiveCfg = Debug|Any CPU
    {B1C2D3E4-0001-0001-0001-000000000001}.Release|Any CPU.ActiveCfg = Release|Any CPU
    {B1C2D3E4-0002-0002-0002-000000000002}.Debug|Any CPU.ActiveCfg = Debug|Any CPU
    {B1C2D3E4-0002-0002-0002-000000000002}.Release|Any CPU.ActiveCfg = Release|Any CPU
    {B1C2D3E4-0003-0003-0003-000000000003}.Debug|Any CPU.ActiveCfg = Debug|Any CPU
    {B1C2D3E4-0003-0003-0003-000000000003}.Release|Any CPU.ActiveCfg = Release|Any CPU
    {B1C2D3E4-0004-0004-0004-000000000004}.Debug|Any CPU.ActiveCfg = Debug|Any CPU
    {B1C2D3E4-0004-0004-0004-000000000004}.Release|Any CPU.ActiveCfg = Release|Any CPU
  EndGlobalSection
EndGlobal
