
Microsoft Visual Studio Solution File, Format Version 12.00
# Visual Studio Version 17
VisualStudioVersion = 17.0.31903.59
MinimumVisualStudioVersion = 10.0.40219.1
Project("{2150E333-8FDC-42A3-9474-1A3956D46DE8}") = "src", "src", "{827E0CD3-B72D-47B6-A68D-7590B98EB39B}"
EndProject
Project("{FAE04EC0-301F-11D3-BF4B-00C04F79EFBC}") = "Bff.Application", "src\Bff.Application\Bff.Application.csproj", "{0D622A34-0D7B-42A2-BC8E-C895D48AEE34}"
EndProject
Project("{FAE04EC0-301F-11D3-BF4B-00C04F79EFBC}") = "Bff.Infrastructure", "src\Bff.Infrastructure\Bff.Infrastructure.csproj", "{E7AEC010-595C-441D-BF65-E4794F322EA1}"
EndProject
Project("{FAE04EC0-301F-11D3-BF4B-00C04F79EFBC}") = "Bff.API", "src\Bff.API\Bff.API.csproj", "{AAB59E66-C64F-4EA7-8E60-7834EA3DD15E}"
EndProject
Project("{2150E333-8FDC-42A3-9474-1A3956D46DE8}") = "tests", "tests", "{0AB3BF05-4346-4AA6-1389-037BE0695223}"
EndProject
Project("{FAE04EC0-301F-11D3-BF4B-00C04F79EFBC}") = "Bff.UnitTests", "tests\Bff.UnitTests\Bff.UnitTests.csproj", "{DC68B187-FDCE-43B5-BAB2-0C57668F9C34}"
EndProject
Project("{FAE04EC0-301F-11D3-BF4B-00C04F79EFBC}") = "Bff.IntegrationTests", "tests\Bff.IntegrationTests\Bff.IntegrationTests.csproj", "{1D6A8C17-C583-4F93-BC0C-A43EB738F4ED}"
EndProject
Global
	GlobalSection(SolutionConfigurationPlatforms) = preSolution
		Debug|Any CPU = Debug|Any CPU
		Debug|x64 = Debug|x64
		Debug|x86 = Debug|x86
		Release|Any CPU = Release|Any CPU
		Release|x64 = Release|x64
		Release|x86 = Release|x86
	EndGlobalSection
	GlobalSection(ProjectConfigurationPlatforms) = postSolution
		{0D622A34-0D7B-42A2-BC8E-C895D48AEE34}.Debug|Any CPU.ActiveCfg = Debug|Any CPU
		{0D622A34-0D7B-42A2-BC8E-C895D48AEE34}.Debug|Any CPU.Build.0 = Debug|Any CPU
		{0D622A34-0D7B-42A2-BC8E-C895D48AEE34}.Debug|x64.ActiveCfg = Debug|Any CPU
		{0D622A34-0D7B-42A2-BC8E-C895D48AEE34}.Debug|x64.Build.0 = Debug|Any CPU
		{0D622A34-0D7B-42A2-BC8E-C895D48AEE34}.Debug|x86.ActiveCfg = Debug|Any CPU
		{0D622A34-0D7B-42A2-BC8E-C895D48AEE34}.Debug|x86.Build.0 = Debug|Any CPU
		{0D622A34-0D7B-42A2-BC8E-C895D48AEE34}.Release|Any CPU.ActiveCfg = Release|Any CPU
		{0D622A34-0D7B-42A2-BC8E-C895D48AEE34}.Release|Any CPU.Build.0 = Release|Any CPU
		{0D622A34-0D7B-42A2-BC8E-C895D48AEE34}.Release|x64.ActiveCfg = Release|Any CPU
		{0D622A34-0D7B-42A2-BC8E-C895D48AEE34}.Release|x64.Build.0 = Release|Any CPU
		{0D622A34-0D7B-42A2-BC8E-C895D48AEE34}.Release|x86.ActiveCfg = Release|Any CPU
		{0D622A34-0D7B-42A2-BC8E-C895D48AEE34}.Release|x86.Build.0 = Release|Any CPU
		{E7AEC010-595C-441D-BF65-E4794F322EA1}.Debug|Any CPU.ActiveCfg = Debug|Any CPU
		{E7AEC010-595C-441D-BF65-E4794F322EA1}.Debug|Any CPU.Build.0 = Debug|Any CPU
		{E7AEC010-595C-441D-BF65-E4794F322EA1}.Debug|x64.ActiveCfg = Debug|Any CPU
		{E7AEC010-595C-441D-BF65-E4794F322EA1}.Debug|x64.Build.0 = Debug|Any CPU
		{E7AEC010-595C-441D-BF65-E4794F322EA1}.Debug|x86.ActiveCfg = Debug|Any CPU
		{E7AEC010-595C-441D-BF65-E4794F322EA1}.Debug|x86.Build.0 = Debug|Any CPU
		{E7AEC010-595C-441D-BF65-E4794F322EA1}.Release|Any CPU.ActiveCfg = Release|Any CPU
		{E7AEC010-595C-441D-BF65-E4794F322EA1}.Release|Any CPU.Build.0 = Release|Any CPU
		{E7AEC010-595C-441D-BF65-E4794F322EA1}.Release|x64.ActiveCfg = Release|Any CPU
		{E7AEC010-595C-441D-BF65-E4794F322EA1}.Release|x64.Build.0 = Release|Any CPU
		{E7AEC010-595C-441D-BF65-E4794F322EA1}.Release|x86.ActiveCfg = Release|Any CPU
		{E7AEC010-595C-441D-BF65-E4794F322EA1}.Release|x86.Build.0 = Release|Any CPU
		{AAB59E66-C64F-4EA7-8E60-7834EA3DD15E}.Debug|Any CPU.ActiveCfg = Debug|Any CPU
		{AAB59E66-C64F-4EA7-8E60-7834EA3DD15E}.Debug|Any CPU.Build.0 = Debug|Any CPU
		{AAB59E66-C64F-4EA7-8E60-7834EA3DD15E}.Debug|x64.ActiveCfg = Debug|Any CPU
		{AAB59E66-C64F-4EA7-8E60-7834EA3DD15E}.Debug|x64.Build.0 = Debug|Any CPU
		{AAB59E66-C64F-4EA7-8E60-7834EA3DD15E}.Debug|x86.ActiveCfg = Debug|Any CPU
		{AAB59E66-C64F-4EA7-8E60-7834EA3DD15E}.Debug|x86.Build.0 = Debug|Any CPU
		{AAB59E66-C64F-4EA7-8E60-7834EA3DD15E}.Release|Any CPU.ActiveCfg = Release|Any CPU
		{AAB59E66-C64F-4EA7-8E60-7834EA3DD15E}.Release|Any CPU.Build.0 = Release|Any CPU
		{AAB59E66-C64F-4EA7-8E60-7834EA3DD15E}.Release|x64.ActiveCfg = Release|Any CPU
		{AAB59E66-C64F-4EA7-8E60-7834EA3DD15E}.Release|x64.Build.0 = Release|Any CPU
		{AAB59E66-C64F-4EA7-8E60-7834EA3DD15E}.Release|x86.ActiveCfg = Release|Any CPU
		{AAB59E66-C64F-4EA7-8E60-7834EA3DD15E}.Release|x86.Build.0 = Release|Any CPU
		{DC68B187-FDCE-43B5-BAB2-0C57668F9C34}.Debug|Any CPU.ActiveCfg = Debug|Any CPU
		{DC68B187-FDCE-43B5-BAB2-0C57668F9C34}.Debug|Any CPU.Build.0 = Debug|Any CPU
		{DC68B187-FDCE-43B5-BAB2-0C57668F9C34}.Debug|x64.ActiveCfg = Debug|Any CPU
		{DC68B187-FDCE-43B5-BAB2-0C57668F9C34}.Debug|x64.Build.0 = Debug|Any CPU
		{DC68B187-FDCE-43B5-BAB2-0C57668F9C34}.Debug|x86.ActiveCfg = Debug|Any CPU
		{DC68B187-FDCE-43B5-BAB2-0C57668F9C34}.Debug|x86.Build.0 = Debug|Any CPU
		{DC68B187-FDCE-43B5-BAB2-0C57668F9C34}.Release|Any CPU.ActiveCfg = Release|Any CPU
		{DC68B187-FDCE-43B5-BAB2-0C57668F9C34}.Release|Any CPU.Build.0 = Release|Any CPU
		{DC68B187-FDCE-43B5-BAB2-0C57668F9C34}.Release|x64.ActiveCfg = Release|Any CPU
		{DC68B187-FDCE-43B5-BAB2-0C57668F9C34}.Release|x64.Build.0 = Release|Any CPU
		{DC68B187-FDCE-43B5-BAB2-0C57668F9C34}.Release|x86.ActiveCfg = Release|Any CPU
		{DC68B187-FDCE-43B5-BAB2-0C57668F9C34}.Release|x86.Build.0 = Release|Any CPU
		{1D6A8C17-C583-4F93-BC0C-A43EB738F4ED}.Debug|Any CPU.ActiveCfg = Debug|Any CPU
		{1D6A8C17-C583-4F93-BC0C-A43EB738F4ED}.Debug|Any CPU.Build.0 = Debug|Any CPU
		{1D6A8C17-C583-4F93-BC0C-A43EB738F4ED}.Debug|x64.ActiveCfg = Debug|Any CPU
		{1D6A8C17-C583-4F93-BC0C-A43EB738F4ED}.Debug|x64.Build.0 = Debug|Any CPU
		{1D6A8C17-C583-4F93-BC0C-A43EB738F4ED}.Debug|x86.ActiveCfg = Debug|Any CPU
		{1D6A8C17-C583-4F93-BC0C-A43EB738F4ED}.Debug|x86.Build.0 = Debug|Any CPU
		{1D6A8C17-C583-4F93-BC0C-A43EB738F4ED}.Release|Any CPU.ActiveCfg = Release|Any CPU
		{1D6A8C17-C583-4F93-BC0C-A43EB738F4ED}.Release|Any CPU.Build.0 = Release|Any CPU
		{1D6A8C17-C583-4F93-BC0C-A43EB738F4ED}.Release|x64.ActiveCfg = Release|Any CPU
		{1D6A8C17-C583-4F93-BC0C-A43EB738F4ED}.Release|x64.Build.0 = Release|Any CPU
		{1D6A8C17-C583-4F93-BC0C-A43EB738F4ED}.Release|x86.ActiveCfg = Release|Any CPU
		{1D6A8C17-C583-4F93-BC0C-A43EB738F4ED}.Release|x86.Build.0 = Release|Any CPU
	EndGlobalSection
	GlobalSection(SolutionProperties) = preSolution
		HideSolutionNode = FALSE
	EndGlobalSection
	GlobalSection(NestedProjects) = preSolution
		{0D622A34-0D7B-42A2-BC8E-C895D48AEE34} = {827E0CD3-B72D-47B6-A68D-7590B98EB39B}
		{E7AEC010-595C-441D-BF65-E4794F322EA1} = {827E0CD3-B72D-47B6-A68D-7590B98EB39B}
		{AAB59E66-C64F-4EA7-8E60-7834EA3DD15E} = {827E0CD3-B72D-47B6-A68D-7590B98EB39B}
		{DC68B187-FDCE-43B5-BAB2-0C57668F9C34} = {0AB3BF05-4346-4AA6-1389-037BE0695223}
		{1D6A8C17-C583-4F93-BC0C-A43EB738F4ED} = {0AB3BF05-4346-4AA6-1389-037BE0695223}
	EndGlobalSection
EndGlobal
